
Microsoft Visual Studio Solution File, Format Version 12.00
# Visual Studio Version 16
VisualStudioVersion = 16.0.29519.87
MinimumVisualStudioVersion = 10.0.40219.1
Project("{FAE04EC0-301F-11D3-BF4B-00C04F79EFBC}") = "Alfabe.Test", "Alfabe.Test\Alfabe.Test.csproj", "{033A6C8D-6957-410F-AAD2-A057E6BAFA37}"
EndProject
Project("{FAE04EC0-301F-11D3-BF4B-00C04F79EFBC}") = "Alfabe.Core", "Alfabe.Core\Alfabe.Core.csproj", "{9C5BD43C-6AC2-48B6-91C9-6AE7242AD96E}"
EndProject
Project("{FAE04EC0-301F-11D3-BF4B-00C04F79EFBC}") = "Alfabe.API", "Alfabe.API\Alfabe.API.csproj", "{B62A4BCA-378D-4605-9729-60AB9AD81D10}"
EndProject
Global
	GlobalSection(SolutionConfigurationPlatforms) = preSolution
		Debug|Any CPU = Debug|Any CPU
		Release|Any CPU = Release|Any CPU
	EndGlobalSection
	GlobalSection(ProjectConfigurationPlatforms) = postSolution
		{033A6C8D-6957-410F-AAD2-A057E6BAFA37}.Debug|Any CPU.ActiveCfg = Debug|Any CPU
		{033A6C8D-6957-410F-AAD2-A057E6BAFA37}.Debug|Any CPU.Build.0 = Debug|Any CPU
		{033A6C8D-6957-410F-AAD2-A057E6BAFA37}.Release|Any CPU.ActiveCfg = Release|Any CPU
		{033A6C8D-6957-410F-AAD2-A057E6BAFA37}.Release|Any CPU.Build.0 = Release|Any CPU
		{9C5BD43C-6AC2-48B6-91C9-6AE7242AD96E}.Debug|Any CPU.ActiveCfg = Debug|Any CPU
		{9C5BD43C-6AC2-48B6-91C9-6AE7242AD96E}.Debug|Any CPU.Build.0 = Debug|Any CPU
		{9C5BD43C-6AC2-48B6-91C9-6AE7242AD96E}.Release|Any CPU.ActiveCfg = Release|Any CPU
		{9C5BD43C-6AC2-48B6-91C9-6AE7242AD96E}.Release|Any CPU.Build.0 = Release|Any CPU
		{B62A4BCA-378D-4605-9729-60AB9AD81D10}.Debug|Any CPU.ActiveCfg = Debug|Any CPU
		{B62A4BCA-378D-4605-9729-60AB9AD81D10}.Debug|Any CPU.Build.0 = Debug|Any CPU
		{B62A4BCA-378D-4605-9729-60AB9AD81D10}.Release|Any CPU.ActiveCfg = Release|Any CPU
		{B62A4BCA-378D-4605-9729-60AB9AD81D10}.Release|Any CPU.Build.0 = Release|Any CPU
	EndGlobalSection
	GlobalSection(SolutionProperties) = preSolution
		HideSolutionNode = FALSE
	EndGlobalSection
	GlobalSection(ExtensibilityGlobals) = postSolution
		SolutionGuid = {522EEE53-3ABF-47A3-92C6-FA0B683B2474}
	EndGlobalSection
EndGlobal
